
Microsoft Visual Studio Solution File, Format Version 11.00
# Visual Studio 2010
Project("{8BC9CEB8-8B4A-11D0-8D11-00A0C91BC942}") = "Base64", "Base64\Base64.vcxproj", "{7471F9DA-2A24-41E0-883C-C9C17FA86CC7}"
EndProject
Project("{8BC9CEB8-8B4A-11D0-8D11-00A0C91BC942}") = "TestBase64", "TestBase64\TestBase64.vcxproj", "{B23AEFB6-32FF-41A6-8F4D-E3CBB9110076}"
	ProjectSection(ProjectDependencies) = postProject
		{7471F9DA-2A24-41E0-883C-C9C17FA86CC7} = {7471F9DA-2A24-41E0-883C-C9C17FA86CC7}
	EndProjectSection
EndProject
Project("{8BC9CEB8-8B4A-11D0-8D11-00A0C91BC942}") = "TestBase64DynamicLink", "TestBase64DynamicLink\TestBase64DynamicLink.vcxproj", "{EC0E8493-27EF-43F3-8AF4-0A2FDCBA5413}"
EndProject
Global
	GlobalSection(SolutionConfigurationPlatforms) = preSolution
		Debug|Win32 = Debug|Win32
		Release|Win32 = Release|Win32
	EndGlobalSection
	GlobalSection(ProjectConfigurationPlatforms) = postSolution
		{7471F9DA-2A24-41E0-883C-C9C17FA86CC7}.Debug|Win32.ActiveCfg = Debug|Win32
		{7471F9DA-2A24-41E0-883C-C9C17FA86CC7}.Debug|Win32.Build.0 = Debug|Win32
		{7471F9DA-2A24-41E0-883C-C9C17FA86CC7}.Release|Win32.ActiveCfg = Release|Win32
		{7471F9DA-2A24-41E0-883C-C9C17FA86CC7}.Release|Win32.Build.0 = Release|Win32
		{B23AEFB6-32FF-41A6-8F4D-E3CBB9110076}.Debug|Win32.ActiveCfg = Debug|Win32
		{B23AEFB6-32FF-41A6-8F4D-E3CBB9110076}.Debug|Win32.Build.0 = Debug|Win32
		{B23AEFB6-32FF-41A6-8F4D-E3CBB9110076}.Release|Win32.ActiveCfg = Release|Win32
		{B23AEFB6-32FF-41A6-8F4D-E3CBB9110076}.Release|Win32.Build.0 = Release|Win32
		{EC0E8493-27EF-43F3-8AF4-0A2FDCBA5413}.Debug|Win32.ActiveCfg = Debug|Win32
		{EC0E8493-27EF-43F3-8AF4-0A2FDCBA5413}.Debug|Win32.Build.0 = Debug|Win32
		{EC0E8493-27EF-43F3-8AF4-0A2FDCBA5413}.Release|Win32.ActiveCfg = Release|Win32
		{EC0E8493-27EF-43F3-8AF4-0A2FDCBA5413}.Release|Win32.Build.0 = Release|Win32
	EndGlobalSection
	GlobalSection(SolutionProperties) = preSolution
		HideSolutionNode = FALSE
	EndGlobalSection
EndGlobal
