
Microsoft Visual Studio Solution File, Format Version 11.00
# Visual Studio 2010
Project("{8BC9CEB8-8B4A-11D0-8D11-00A0C91BC942}") = "testHPlr", "testHPlr\testHPlr.vcxproj", "{1CAA199E-D0DF-4C84-958C-DB19372C93D8}"
EndProject
Project("{8BC9CEB8-8B4A-11D0-8D11-00A0C91BC942}") = "testMem", "testMem\testMem.vcxproj", "{82790A3A-251B-4EE9-9844-A23ABDFD19A1}"
EndProject
Global
	GlobalSection(SolutionConfigurationPlatforms) = preSolution
		Debug|Win32 = Debug|Win32
		Release|Win32 = Release|Win32
	EndGlobalSection
	GlobalSection(ProjectConfigurationPlatforms) = postSolution
		{1CAA199E-D0DF-4C84-958C-DB19372C93D8}.Debug|Win32.ActiveCfg = Debug|Win32
		{1CAA199E-D0DF-4C84-958C-DB19372C93D8}.Debug|Win32.Build.0 = Debug|Win32
		{1CAA199E-D0DF-4C84-958C-DB19372C93D8}.Release|Win32.ActiveCfg = Release|Win32
		{1CAA199E-D0DF-4C84-958C-DB19372C93D8}.Release|Win32.Build.0 = Release|Win32
		{82790A3A-251B-4EE9-9844-A23ABDFD19A1}.Debug|Win32.ActiveCfg = Debug|Win32
		{82790A3A-251B-4EE9-9844-A23ABDFD19A1}.Debug|Win32.Build.0 = Debug|Win32
		{82790A3A-251B-4EE9-9844-A23ABDFD19A1}.Release|Win32.ActiveCfg = Release|Win32
		{82790A3A-251B-4EE9-9844-A23ABDFD19A1}.Release|Win32.Build.0 = Release|Win32
	EndGlobalSection
	GlobalSection(SolutionProperties) = preSolution
		HideSolutionNode = FALSE
	EndGlobalSection
EndGlobal
